{
  "requires": true,
  "lockfileVersion": 1,
  "dependencies": {
    "@angular/animations": {
      "version": "12.0.5",
      "resolved": "https://registry.npmjs.org/@angular/animations/-/animations-12.0.5.tgz",
      "integrity": "sha512-BPdTCtgDJ9zNzHpuA6X3NmtzDiIt5SHZk840j0q3HCq6rP6C/oo2UnPT6w8YDOGMejDpWdHvTgXH4jVKDN1wCQ==",
      "requires": {
        "tslib": "^2.1.0"
      }
    },
    "jquery": {
      "version": "3.6.0",
      "resolved": "https://registry.npmjs.org/jquery/-/jquery-3.6.0.tgz",
      "integrity": "sha512-JVzAR/AjBvVt2BmYhxRCSYysDsPcssdmTFnzyLEts9qNwmjmu4JTAMYubEfwVOSwpQ1I1sKKFcxhZCI2buerfw=="
    },
    "ngx-toastr": {
      "version": "14.0.0",
      "resolved": "https://registry.npmjs.org/ngx-toastr/-/ngx-toastr-14.0.0.tgz",
      "integrity": "sha512-dnDzSY73pF6FvNyxdh6ftfvXvUg6SU7MAT3orPUCzA77t3ZcFslro06zk4NCA2g67RF7dBwM0OJ/y0SN6fdGYw==",
      "requires": {
        "tslib": "^2.1.0"
      }
    },
    "tslib": {
      "version": "2.3.0",
      "resolved": "https://registry.npmjs.org/tslib/-/tslib-2.3.0.tgz",
      "integrity": "sha512-N82ooyxVNm6h1riLCoyS9e3fuJ3AMG2zIZs2Gd1ATcSFjSA23Q0fzjjZeh0jbJvWVDZ0cJT8yaNNaaXHzueNjg=="
    }
  }
}
